<?xml version="1.0" encoding="utf-8"?>
<Project ToolsVersion="4.0" xmlns="http://schemas.microsoft.com/developer/msbuild/2003">
  <ItemGroup>
    <Filter Include="Source">
      <UniqueIdentifier>{4FC737F1-C7A5-4376-A066-2A32D752A2FF}</UniqueIdentifier>
      <Extensions>cpp;c;cc;cxx;def;odl;idl;hpj;bat;asm;asmx</Extensions>
    </Filter>
    <Filter Include="Source\Internal">
      <UniqueIdentifier>{63c8ad91-0aeb-4dc7-88a1-005e0a132fb6}</UniqueIdentifier>
    </Filter>
    <Filter Include="Source\Internal\AST">
      <UniqueIdentifier>{4d9961a5-d1d2-440a-87c4-0ee8cf1f9ef5}</UniqueIdentifier>
    </Filter>
    <Filter Include="Source\Internal\Tokenizer">
      <UniqueIdentifier>{2e2a9061-0d1e-4b63-b2b1-09c8bbb08a51}</UniqueIdentifier>
    </Filter>
    <Filter Include="Source\Internal\Parser">
      <UniqueIdentifier>{4b77b951-f441-478e-95dd-e1e10b4326dc}</UniqueIdentifier>
    </Filter>
  </ItemGroup>
  <ItemGroup>
    <ClCompile Include="..\Source\Main.cpp">
      <Filter>Source</Filter>
    </ClCompile>
    <ClCompile Include="..\Source\InternalTokenizer.cpp">
      <Filter>Source\Internal\Tokenizer</Filter>
    </ClCompile>
    <ClCompile Include="..\Source\InternalASTNode.cpp">
      <Filter>Source\Internal\AST</Filter>
    </ClCompile>
    <ClCompile Include="..\Source\InternalParser.cpp">
      <Filter>Source\Internal\Parser</Filter>
    </ClCompile>
    <ClCompile Include="..\Source\Common.cpp">
      <Filter>Source</Filter>
    </ClCompile>
  </ItemGroup>
  <ItemGroup>
    <ClInclude Include="..\Source\Common.h">
      <Filter>Source</Filter>
    </ClInclude>
    <ClInclude Include="..\Source\Rule.h">
      <Filter>Source</Filter>
    </ClInclude>
    <ClInclude Include="..\Source\Grammar.txt" />
    <ClInclude Include="..\Source\InternalTokenizer.h">
      <Filter>Source\Internal\Tokenizer</Filter>
    </ClInclude>
    <ClInclude Include="..\Source\Exception.h">
      <Filter>Source</Filter>
    </ClInclude>
    <ClInclude Include="..\Source\InternalParser.h">
      <Filter>Source\Internal\Parser</Filter>
    </ClInclude>
    <ClInclude Include="..\Source\InternalASTNode.h">
      <Filter>Source\Internal\AST</Filter>
    </ClInclude>
  </ItemGroup>
</Project>