<?xml version="1.0" encoding="utf-8"?>
<Project ToolsVersion="4.0" xmlns="http://schemas.microsoft.com/developer/msbuild/2003">
  <ItemGroup>
    <Filter Include="Source">
      <UniqueIdentifier>{c7e16e71-1ac4-4f08-9faf-8f49b3f1fbc0}</UniqueIdentifier>
    </Filter>
    <Filter Include="Include">
      <UniqueIdentifier>{0e823a99-90c4-40b1-a06b-805c47e3f711}</UniqueIdentifier>
    </Filter>
    <Filter Include="Include\MetaLang">
      <UniqueIdentifier>{b723aeac-e7be-4a8a-93c5-3b99735bc074}</UniqueIdentifier>
    </Filter>
    <Filter Include="Source\MetaLang">
      <UniqueIdentifier>{ecff239b-8d1f-48e9-9dea-11836b3edc65}</UniqueIdentifier>
    </Filter>
    <Filter Include="Include\LRParser">
      <UniqueIdentifier>{c3c35061-8cc6-4bca-98a6-25cbc5f239f8}</UniqueIdentifier>
    </Filter>
    <Filter Include="Include\Common">
      <UniqueIdentifier>{55996ec4-d32c-492f-8019-448790966848}</UniqueIdentifier>
    </Filter>
  </ItemGroup>
  <ItemGroup>
    <ClInclude Include="..\Include\MetaLang\AST.h">
      <Filter>Include\MetaLang</Filter>
    </ClInclude>
    <ClInclude Include="..\Include\MetaLang\Parser.h">
      <Filter>Include\MetaLang</Filter>
    </ClInclude>
    <ClInclude Include="..\Include\MetaLang\PrettyPrinter.h">
      <Filter>Include\MetaLang</Filter>
    </ClInclude>
    <ClInclude Include="..\Include\MetaLang\Scope.h">
      <Filter>Include\MetaLang</Filter>
    </ClInclude>
    <ClInclude Include="..\Include\MetaLang\Tokenizer.h">
      <Filter>Include\MetaLang</Filter>
    </ClInclude>
    <ClInclude Include="..\Include\MetaLang\RuleTable.h">
      <Filter>Include\MetaLang</Filter>
    </ClInclude>
    <ClInclude Include="..\Include\LRParser\AST.h">
      <Filter>Include\LRParser</Filter>
    </ClInclude>
    <ClInclude Include="..\Include\LRParser\ASTCons.h">
      <Filter>Include\LRParser</Filter>
    </ClInclude>
    <ClInclude Include="..\Include\LRParser\FirstSet.h">
      <Filter>Include\LRParser</Filter>
    </ClInclude>
    <ClInclude Include="..\Include\LRParser\LRItem.h">
      <Filter>Include\LRParser</Filter>
    </ClInclude>
    <ClInclude Include="..\Include\LRParser\LRTable.h">
      <Filter>Include\LRParser</Filter>
    </ClInclude>
    <ClInclude Include="..\Include\LRParser\RuleTable.h">
      <Filter>Include\LRParser</Filter>
    </ClInclude>
    <ClInclude Include="..\Include\Common\Utility.h">
      <Filter>Include\Common</Filter>
    </ClInclude>
    <ClInclude Include="..\Include\Parser.h">
      <Filter>Include</Filter>
    </ClInclude>
  </ItemGroup>
  <ItemGroup>
    <ClCompile Include="..\Src\Main.cpp">
      <Filter>Source</Filter>
    </ClCompile>
    <ClCompile Include="..\Src\Utility.cpp">
      <Filter>Source</Filter>
    </ClCompile>
    <ClCompile Include="..\Src\MetaLang\Parser.cpp">
      <Filter>Source\MetaLang</Filter>
    </ClCompile>
    <ClCompile Include="..\Src\MetaLang\PrettyPrinter.cpp">
      <Filter>Source\MetaLang</Filter>
    </ClCompile>
    <ClCompile Include="..\Src\MetaLang\Scope.cpp">
      <Filter>Source\MetaLang</Filter>
    </ClCompile>
    <ClCompile Include="..\Src\MetaLang\Tokenizer.cpp">
      <Filter>Source\MetaLang</Filter>
    </ClCompile>
    <ClCompile Include="..\Src\MetaLang\RawRuleTable.cpp">
      <Filter>Source\MetaLang</Filter>
    </ClCompile>
  </ItemGroup>
  <ItemGroup>
    <None Include="..\Include\LRParser\AST.inl">
      <Filter>Include\LRParser</Filter>
    </None>
    <None Include="..\Include\LRParser\ASTCons.inl">
      <Filter>Include\LRParser</Filter>
    </None>
    <None Include="..\Include\LRParser\FirstSet.inl">
      <Filter>Include\LRParser</Filter>
    </None>
    <None Include="..\Include\LRParser\LRItem.inl">
      <Filter>Include\LRParser</Filter>
    </None>
    <None Include="..\Include\LRParser\LRTable.inl">
      <Filter>Include\LRParser</Filter>
    </None>
    <None Include="..\Include\LRParser\Parser.inl">
      <Filter>Include\LRParser</Filter>
    </None>
    <None Include="..\Include\LRParser\RuleTable.inl">
      <Filter>Include\LRParser</Filter>
    </None>
  </ItemGroup>
</Project>